{
  "name": "@nacelle/gatsby-theme-nacelle-workspace",
  "version": "0.0.1",
  "lockfileVersion": 1,
  "requires": true,
  "dependencies": {
    "@nacelle/nacelle-react-hooks": {
      "version": "1.0.6",
      "resolved": "https://registry.npmjs.org/@nacelle/nacelle-react-hooks/-/nacelle-react-hooks-1.0.6.tgz",
      "integrity": "sha512-GwlNzTvuPhylEn3nsGUJ1be00pZQqt/hnT5Sbv3kLKTCnlwFv34b2Iyoz8f9MTBvm6Uj3dg6bBYdH3jBBwLRcQ=="
    }
  }
}
